
Microsoft Visual Studio Solution File, Format Version 12.00
# Visual Studio Version 16
VisualStudioVersion = 16.0.31025.194
MinimumVisualStudioVersion = 10.0.40219.1
Project("{FAE04EC0-301F-11D3-BF4B-00C04F79EFBC}") = "SQLcontrol", "SQLcontrol\SQLcontrol.csproj", "{42693D3A-BA0F-4B3B-B1FB-45F2AC7BBC8C}"
EndProject
Project("{FAE04EC0-301F-11D3-BF4B-00C04F79EFBC}") = "TrylifeCode", "TrylifeCode\TrylifeCode.csproj", "{215BD201-561F-4353-B3A6-E957B56A3B47}"
EndProject
Global
	GlobalSection(SolutionConfigurationPlatforms) = preSolution
		Debug|Any CPU = Debug|Any CPU
		Release|Any CPU = Release|Any CPU
	EndGlobalSection
	GlobalSection(ProjectConfigurationPlatforms) = postSolution
		{42693D3A-BA0F-4B3B-B1FB-45F2AC7BBC8C}.Debug|Any CPU.ActiveCfg = Debug|Any CPU
		{42693D3A-BA0F-4B3B-B1FB-45F2AC7BBC8C}.Debug|Any CPU.Build.0 = Debug|Any CPU
		{42693D3A-BA0F-4B3B-B1FB-45F2AC7BBC8C}.Release|Any CPU.ActiveCfg = Release|Any CPU
		{42693D3A-BA0F-4B3B-B1FB-45F2AC7BBC8C}.Release|Any CPU.Build.0 = Release|Any CPU
		{215BD201-561F-4353-B3A6-E957B56A3B47}.Debug|Any CPU.ActiveCfg = Debug|Any CPU
		{215BD201-561F-4353-B3A6-E957B56A3B47}.Debug|Any CPU.Build.0 = Debug|Any CPU
		{215BD201-561F-4353-B3A6-E957B56A3B47}.Release|Any CPU.ActiveCfg = Release|Any CPU
		{215BD201-561F-4353-B3A6-E957B56A3B47}.Release|Any CPU.Build.0 = Release|Any CPU
	EndGlobalSection
	GlobalSection(SolutionProperties) = preSolution
		HideSolutionNode = FALSE
	EndGlobalSection
	GlobalSection(ExtensibilityGlobals) = postSolution
		SolutionGuid = {06596D4C-006B-4112-B241-CC72F8EB1BCE}
	EndGlobalSection
EndGlobal
